// !$*UTF8*$!
{
	archiveVersion = 1;
	classes = {
	};
	objectVersion = 50;
	objects = {

/* Begin PBXBuildFile section */
		3DEA538B260CC5BF0034097D /* AppDelegate.swift in Sources */ = {isa = PBXBuildFile; fileRef = 3DEA538A260CC5BF0034097D /* AppDelegate.swift */; };
		3DEA538D260CC5BF0034097D /* SceneDelegate.swift in Sources */ = {isa = PBXBuildFile; fileRef = 3DEA538C260CC5BF0034097D /* SceneDelegate.swift */; };
		3DEA538F260CC5BF0034097D /* ViewController.swift in Sources */ = {isa = PBXBuildFile; fileRef = 3DEA538E260CC5BF0034097D /* ViewController.swift */; };
		3DEA5392260CC5BF0034097D /* Main.storyboard in Resources */ = {isa = PBXBuildFile; fileRef = 3DEA5390260CC5BF0034097D /* Main.storyboard */; };
		3DEA5394260CC5C40034097D /* Assets.xcassets in Resources */ = {isa = PBXBuildFile; fileRef = 3DEA5393260CC5C40034097D /* Assets.xcassets */; };
		3DEA5397260CC5C40034097D /* LaunchScreen.storyboard in Resources */ = {isa = PBXBuildFile; fileRef = 3DEA5395260CC5C40034097D /* LaunchScreen.storyboard */; };
		3DEA53A0260CC5EF0034097D /* Models.swift in Sources */ = {isa = PBXBuildFile; fileRef = 3DEA539F260CC5EF0034097D /* Models.swift */; };
/* End PBXBuildFile section */

/* Begin PBXFileReference section */
		3DEA5387260CC5BF0034097D /* RetainCount.app */ = {isa = PBXFileReference; explicitFileType = wrapper.application; includeInIndex = 0; path = RetainCount.app; sourceTree = BUILT_PRODUCTS_DIR; };
		3DEA538A260CC5BF0034097D /* AppDelegate.swift */ = {isa = PBXFileReference; lastKnownFileType = sourcecode.swift; path = AppDelegate.swift; sourceTree = "<group>"; };
		3DEA538C260CC5BF0034097D /* SceneDelegate.swift */ = {isa = PBXFileReference; lastKnownFileType = sourcecode.swift; path = SceneDelegate.swift; sourceTree = "<group>"; };
		3DEA538E260CC5BF0034097D /* ViewController.swift */ = {isa = PBXFileReference; lastKnownFileType = sourcecode.swift; path = ViewController.swift; sourceTree = "<group>"; };
		3DEA5391260CC5BF0034097D /* Base */ = {isa = PBXFileReference; lastKnownFileType = file.storyboard; name = Base; path = Base.lproj/Main.storyboard; sourceTree = "<group>"; };
		3DEA5393260CC5C40034097D /* Assets.xcassets */ = {isa = PBXFileReference; lastKnownFileType = folder.assetcatalog; path = Assets.xcassets; sourceTree = "<group>"; };
		3DEA5396260CC5C40034097D /* Base */ = {isa = PBXFileReference; lastKnownFileType = file.storyboard; name = Base; path = Base.lproj/LaunchScreen.storyboard; sourceTree = "<group>"; };
		3DEA5398260CC5C40034097D /* Info.plist */ = {isa = PBXFileReference; lastKnownFileType = text.plist.xml; path = Info.plist; sourceTree = "<group>"; };
		3DEA539F260CC5EF0034097D /* Models.swift */ = {isa = PBXFileReference; lastKnownFileType = sourcecode.swift; path = Models.swift; sourceTree = "<group>"; };
/* End PBXFileReference section */

/* Begin PBXFrameworksBuildPhase section */
		3DEA5384260CC5BF0034097D /* Frameworks */ = {
			isa = PBXFrameworksBuildPhase;
			buildActionMask = 2147483647;
			files = (
			);
			runOnlyForDeploymentPostprocessing = 0;
		};
/* End PBXFrameworksBuildPhase section */

/* Begin PBXGroup section */
		3DEA537E260CC5BF0034097D = {
			isa = PBXGroup;
			children = (
				3DEA5389260CC5BF0034097D /* RetainCount */,
				3DEA5388260CC5BF0034097D /* Products */,
			);
			sourceTree = "<group>";
		};
		3DEA5388260CC5BF0034097D /* Products */ = {
			isa = PBXGroup;
			children = (
				3DEA5387260CC5BF0034097D /* RetainCount.app */,
			);
			name = Products;
			sourceTree = "<group>";
		};
		3DEA5389260CC5BF0034097D /* RetainCount */ = {
			isa = PBXGroup;
			children = (
				3DEA538A260CC5BF0034097D /* AppDelegate.swift */,
				3DEA538C260CC5BF0034097D /* SceneDelegate.swift */,
				3DEA538E260CC5BF0034097D /* ViewController.swift */,
				3DEA5390260CC5BF0034097D /* Main.storyboard */,
				3DEA5393260CC5C40034097D /* Assets.xcassets */,
				3DEA5395260CC5C40034097D /* LaunchScreen.storyboard */,
				3DEA5398260CC5C40034097D /* Info.plist */,
				3DEA539F260CC5EF0034097D /* Models.swift */,
			);
			path = RetainCount;
			sourceTree = "<group>";
		};
/* End PBXGroup section */

/* Begin PBXNativeTarget section */
		3DEA5386260CC5BF0034097D /* RetainCount */ = {
			isa = PBXNativeTarget;
			buildConfigurationList = 3DEA539B260CC5C40034097D /* Build configuration list for PBXNativeTarget "RetainCount" */;
			buildPhases = (
				3DEA5383260CC5BF0034097D /* Sources */,
				3DEA5384260CC5BF0034097D /* Frameworks */,
				3DEA5385260CC5BF0034097D /* Resources */,
			);
			buildRules = (
			);
			dependencies = (
			);
			name = RetainCount;
			productName = RetainCount;
			productReference = 3DEA5387260CC5BF0034097D /* RetainCount.app */;
			productType = "com.apple.product-type.application";
		};
/* End PBXNativeTarget section */

/* Begin PBXProject section */
		3DEA537F260CC5BF0034097D /* Project object */ = {
			isa = PBXProject;
			attributes = {
				LastSwiftUpdateCheck = 1240;
				LastUpgradeCheck = 1240;
				TargetAttributes = {
					3DEA5386260CC5BF0034097D = {
						CreatedOnToolsVersion = 12.4;
					};
				};
			};
			buildConfigurationList = 3DEA5382260CC5BF0034097D /* Build configuration list for PBXProject "RetainCount" */;
			compatibilityVersion = "Xcode 9.3";
			developmentRegion = en;
			hasScannedForEncodings = 0;
			knownRegions = (
				en,
				Base,
			);
			mainGroup = 3DEA537E260CC5BF0034097D;
			productRefGroup = 3DEA5388260CC5BF0034097D /* Products */;
			projectDirPath = "";
			projectRoot = "";
			targets = (
				3DEA5386260CC5BF0034097D /* RetainCount */,
			);
		};
/* End PBXProject section */

/* Begin PBXResourcesBuildPhase section */
		3DEA5385260CC5BF0034097D /* Resources */ = {
			isa = PBXResourcesBuildPhase;
			buildActionMask = 2147483647;
			files = (
				3DEA5397260CC5C40034097D /* LaunchScreen.storyboard in Resources */,
				3DEA5394260CC5C40034097D /* Assets.xcassets in Resources */,
				3DEA5392260CC5BF0034097D /* Main.storyboard in Resources */,
			);
			runOnlyForDeploymentPostprocessing = 0;
		};
/* End PBXResourcesBuildPhase section */

/* Begin PBXSourcesBuildPhase section */
		3DEA5383260CC5BF0034097D /* Sources */ = {
			isa = PBXSourcesBuildPhase;
			buildActionMask = 2147483647;
			files = (
				3DEA538F260CC5BF0034097D /* ViewController.swift in Sources */,
				3DEA538B260CC5BF0034097D /* AppDelegate.swift in Sources */,
				3DEA538D260CC5BF0034097D /* SceneDelegate.swift in Sources */,
				3DEA53A0260CC5EF0034097D /* Models.swift in Sources */,
			);
			runOnlyForDeploymentPostprocessing = 0;
		};
/* End PBXSourcesBuildPhase section */

/* Begin PBXVariantGroup section */
		3DEA5390260CC5BF0034097D /* Main.storyboard */ = {
			isa = PBXVariantGroup;
			children = (
				3DEA5391260CC5BF0034097D /* Base */,
			);
			name = Main.storyboard;
			sourceTree = "<group>";
		};
		3DEA5395260CC5C40034097D /* LaunchScreen.storyboard */ = {
			isa = PBXVariantGroup;
			children = (
				3DEA5396260CC5C40034097D /* Base */,
			);
			name = LaunchScreen.storyboard;
			sourceTree = "<group>";
		};
/* End PBXVariantGroup section */

/* Begin XCBuildConfiguration section */
		3DEA5399260CC5C40034097D /* Debug */ = {
			isa = XCBuildConfiguration;
			buildSettings = {
				ALWAYS_SEARCH_USER_PATHS = NO;
				CLANG_ANALYZER_NONNULL = YES;
				CLANG_ANALYZER_NUMBER_OBJECT_CONVERSION = YES_AGGRESSIVE;
				CLANG_CXX_LANGUAGE_STANDARD = "gnu++14";
				CLANG_CXX_LIBRARY = "libc++";
				CLANG_ENABLE_MODULES = YES;
				CLANG_ENABLE_OBJC_ARC = YES;
				CLANG_ENABLE_OBJC_WEAK = YES;
				CLANG_WARN_BLOCK_CAPTURE_AUTORELEASING = YES;
				CLANG_WARN_BOOL_CONVERSION = YES;
				CLANG_WARN_COMMA = YES;
				CLANG_WARN_CONSTANT_CONVERSION = YES;
				CLANG_WARN_DEPRECATED_OBJC_IMPLEMENTATIONS = YES;
				CLANG_WARN_DIRECT_OBJC_ISA_USAGE = YES_ERROR;
				CLANG_WARN_DOCUMENTATION_COMMENTS = YES;
				CLANG_WARN_EMPTY_BODY = YES;
				CLANG_WARN_ENUM_CONVERSION = YES;
				CLANG_WARN_INFINITE_RECURSION = YES;
				CLANG_WARN_INT_CONVERSION = YES;
				CLANG_WARN_NON_LITERAL_NULL_CONVERSION = YES;
				CLANG_WARN_OBJC_IMPLICIT_RETAIN_SELF = YES;
				CLANG_WARN_OBJC_LITERAL_CONVERSION = YES;
				CLANG_WARN_OBJC_ROOT_CLASS = YES_ERROR;
				CLANG_WARN_QUOTED_INCLUDE_IN_FRAMEWORK_HEADER = YES;
				CLANG_WARN_RANGE_LOOP_ANALYSIS = YES;
				CLANG_WARN_STRICT_PROTOTYPES = YES;
				CLANG_WARN_SUSPICIOUS_MOVE = YES;
				CLANG_WARN_UNGUARDED_AVAILABILITY = YES_AGGRESSIVE;
				CLANG_WARN_UNREACHABLE_CODE = YES;
				CLANG_WARN__DUPLICATE_METHOD_MATCH = YES;
				COPY_PHASE_STRIP = NO;
				DEBUG_INFORMATION_FORMAT = dwarf;
				ENABLE_STRICT_OBJC_MSGSEND = YES;
				ENABLE_TESTABILITY = YES;
				GCC_C_LANGUAGE_STANDARD = gnu11;
				GCC_DYNAMIC_NO_PIC = NO;
				GCC_NO_COMMON_BLOCKS = YES;
				GCC_OPTIMIZATION_LEVEL = 0;
				GCC_PREPROCESSOR_DEFINITIONS = (
					"DEBUG=1",
					"$(inherited)",
				);
				GCC_WARN_64_TO_32_BIT_CONVERSION = YES;
				GCC_WARN_ABOUT_RETURN_TYPE = YES_ERROR;
				GCC_WARN_UNDECLARED_SELECTOR = YES;
				GCC_WARN_UNINITIALIZED_AUTOS = YES_AGGRESSIVE;
				GCC_WARN_UNUSED_FUNCTION = YES;
				GCC_WARN_UNUSED_VARIABLE = YES;
				IPHONEOS_DEPLOYMENT_TARGET = 14.4;
				MTL_ENABLE_DEBUG_INFO = INCLUDE_SOURCE;
				MTL_FAST_MATH = YES;
				ONLY_ACTIVE_ARCH = YES;
				SDKROOT = iphoneos;
				SWIFT_ACTIVE_COMPILATION_CONDITIONS = DEBUG;
				SWIFT_OPTIMIZATION_LEVEL = "-Onone";
			};
			name = Debug;
		};
		3DEA539A260CC5C40034097D /* Release */ = {
			isa = XCBuildConfiguration;
			buildSettings = {
				ALWAYS_SEARCH_USER_PATHS = NO;
				CLANG_ANALYZER_NONNULL = YES;
				CLANG_ANALYZER_NUMBER_OBJECT_CONVERSION = YES_AGGRESSIVE;
				CLANG_CXX_LANGUAGE_STANDARD = "gnu++14";
				CLANG_CXX_LIBRARY = "libc++";
				CLANG_ENABLE_MODULES = YES;
				CLANG_ENABLE_OBJC_ARC = YES;
				CLANG_ENABLE_OBJC_WEAK = YES;
				CLANG_WARN_BLOCK_CAPTURE_AUTORELEASING = YES;
				CLANG_WARN_BOOL_CONVERSION = YES;
				CLANG_WARN_COMMA = YES;
				CLANG_WARN_CONSTANT_CONVERSION = YES;
				CLANG_WARN_DEPRECATED_OBJC_IMPLEMENTATIONS = YES;
				CLANG_WARN_DIRECT_OBJC_ISA_USAGE = YES_ERROR;
				CLANG_WARN_DOCUMENTATION_COMMENTS = YES;
				CLANG_WARN_EMPTY_BODY = YES;
				CLANG_WARN_ENUM_CONVERSION = YES;
				CLANG_WARN_INFINITE_RECURSION = YES;
				CLANG_WARN_INT_CONVERSION = YES;
				CLANG_WARN_NON_LITERAL_NULL_CONVERSION = YES;
				CLANG_WARN_OBJC_IMPLICIT_RETAIN_SELF = YES;
				CLANG_WARN_OBJC_LITERAL_CONVERSION = YES;
				CLANG_WARN_OBJC_ROOT_CLASS = YES_ERROR;
				CLANG_WARN_QUOTED_INCLUDE_IN_FRAMEWORK_HEADER = YES;
				CLANG_WARN_RANGE_LOOP_ANALYSIS = YES;
				CLANG_WARN_STRICT_PROTOTYPES = YES;
				CLANG_WARN_SUSPICIOUS_MOVE = YES;
				CLANG_WARN_UNGUARDED_AVAILABILITY = YES_AGGRESSIVE;
				CLANG_WARN_UNREACHABLE_CODE = YES;
				CLANG_WARN__DUPLICATE_METHOD_MATCH = YES;
				COPY_PHASE_STRIP = NO;
				DEBUG_INFORMATION_FORMAT = "dwarf-with-dsym";
				ENABLE_NS_ASSERTIONS = NO;
				ENABLE_STRICT_OBJC_MSGSEND = YES;
				GCC_C_LANGUAGE_STANDARD = gnu11;
				GCC_NO_COMMON_BLOCKS = YES;
				GCC_WARN_64_TO_32_BIT_CONVERSION = YES;
				GCC_WARN_ABOUT_RETURN_TYPE = YES_ERROR;
				GCC_WARN_UNDECLARED_SELECTOR = YES;
				GCC_WARN_UNINITIALIZED_AUTOS = YES_AGGRESSIVE;
				GCC_WARN_UNUSED_FUNCTION = YES;
				GCC_WARN_UNUSED_VARIABLE = YES;
				IPHONEOS_DEPLOYMENT_TARGET = 14.4;
				MTL_ENABLE_DEBUG_INFO = NO;
				MTL_FAST_MATH = YES;
				SDKROOT = iphoneos;
				SWIFT_COMPILATION_MODE = wholemodule;
				SWIFT_OPTIMIZATION_LEVEL = "-O";
				VALIDATE_PRODUCT = YES;
			};
			name = Release;
		};
		3DEA539C260CC5C40034097D /* Debug */ = {
			isa = XCBuildConfiguration;
			buildSettings = {
				ASSETCATALOG_COMPILER_APPICON_NAME = AppIcon;
				ASSETCATALOG_COMPILER_GLOBAL_ACCENT_COLOR_NAME = AccentColor;
				CODE_SIGN_STYLE = Automatic;
				DEVELOPMENT_TEAM = YJR6FRW68A;
				INFOPLIST_FILE = RetainCount/Info.plist;
				LD_RUNPATH_SEARCH_PATHS = (
					"$(inherited)",
					"@executable_path/Frameworks",
				);
				PRODUCT_BUNDLE_IDENTIFIER = Pablo.RetainCount;
				PRODUCT_NAME = "$(TARGET_NAME)";
				SWIFT_VERSION = 5.0;
				TARGETED_DEVICE_FAMILY = "1,2";
			};
			name = Debug;
		};
		3DEA539D260CC5C40034097D /* Release */ = {
			isa = XCBuildConfiguration;
			buildSettings = {
				ASSETCATALOG_COMPILER_APPICON_NAME = AppIcon;
				ASSETCATALOG_COMPILER_GLOBAL_ACCENT_COLOR_NAME = AccentColor;
				CODE_SIGN_STYLE = Automatic;
				DEVELOPMENT_TEAM = YJR6FRW68A;
				INFOPLIST_FILE = RetainCount/Info.plist;
				LD_RUNPATH_SEARCH_PATHS = (
					"$(inherited)",
					"@executable_path/Frameworks",
				);
				PRODUCT_BUNDLE_IDENTIFIER = Pablo.RetainCount;
				PRODUCT_NAME = "$(TARGET_NAME)";
				SWIFT_VERSION = 5.0;
				TARGETED_DEVICE_FAMILY = "1,2";
			};
			name = Release;
		};
/* End XCBuildConfiguration section */

/* Begin XCConfigurationList section */
		3DEA5382260CC5BF0034097D /* Build configuration list for PBXProject "RetainCount" */ = {
			isa = XCConfigurationList;
			buildConfigurations = (
				3DEA5399260CC5C40034097D /* Debug */,
				3DEA539A260CC5C40034097D /* Release */,
			);
			defaultConfigurationIsVisible = 0;
			defaultConfigurationName = Release;
		};
		3DEA539B260CC5C40034097D /* Build configuration list for PBXNativeTarget "RetainCount" */ = {
			isa = XCConfigurationList;
			buildConfigurations = (
				3DEA539C260CC5C40034097D /* Debug */,
				3DEA539D260CC5C40034097D /* Release */,
			);
			defaultConfigurationIsVisible = 0;
			defaultConfigurationName = Release;
		};
/* End XCConfigurationList section */
	};
	rootObject = 3DEA537F260CC5BF0034097D /* Project object */;
}
